{
  "originHash" : "b36fc001b9eb791886dacbd81c351e3f8726308865e60daf90181ab6ae8d085b",
  "pins" : [
    {
      "identity" : "sbm-library-ios",
      "kind" : "remoteSourceControl",
      "location" : "https://github.com/sbmbank-co-in/sbm-library-ios",
      "state" : {
        "revision" : "86acc662ed083bd993b74043f8a691904af557a4",
        "version" : "1.1.5"
      }
    }
  ],
  "version" : 3
}
